// !$*UTF8*$!
{
	archiveVersion = 1;
	classes = {
	};
	objectVersion = 48;
	objects = {

/* Begin PBXBuildFile section */
		FD678B6224C05D4D00B94216 /* 3D.png in Resources */ = {isa = PBXBuildFile; fileRef = FD678B6124C05D4C00B94216 /* 3D.png */; };
		FD678B6324C05D4D00B94216 /* 3D.png in Resources */ = {isa = PBXBuildFile; fileRef = FD678B6124C05D4C00B94216 /* 3D.png */; };
		FD678B6424C05D4D00B94216 /* 3D.png in Resources */ = {isa = PBXBuildFile; fileRef = FD678B6124C05D4C00B94216 /* 3D.png */; };
		FD678B6624C05D5500B94216 /* Design.png in Resources */ = {isa = PBXBuildFile; fileRef = FD678B6524C05D5500B94216 /* Design.png */; };
		FD678B6724C05D5500B94216 /* Design.png in Resources */ = {isa = PBXBuildFile; fileRef = FD678B6524C05D5500B94216 /* Design.png */; };
		FD678B6824C05D5500B94216 /* Design.png in Resources */ = {isa = PBXBuildFile; fileRef = FD678B6524C05D5500B94216 /* Design.png */; };
		FD678B6A24C05DE600B94216 /* Print.png in Resources */ = {isa = PBXBuildFile; fileRef = FD678B6924C05DE600B94216 /* Print.png */; };
		FD678B6B24C05DE700B94216 /* Print.png in Resources */ = {isa = PBXBuildFile; fileRef = FD678B6924C05DE600B94216 /* Print.png */; };
		FD678B6C24C05DE700B94216 /* Print.png in Resources */ = {isa = PBXBuildFile; fileRef = FD678B6924C05DE600B94216 /* Print.png */; };
		FD678B6E24C06B1100B94216 /* SecondScreenViewController.swift in Sources */ = {isa = PBXBuildFile; fileRef = FD678B6D24C06B1100B94216 /* SecondScreenViewController.swift */; };
		FD678B6F24C06B1100B94216 /* SecondScreenViewController.swift in Sources */ = {isa = PBXBuildFile; fileRef = FD678B6D24C06B1100B94216 /* SecondScreenViewController.swift */; };
		FD678B7024C06B1100B94216 /* SecondScreenViewController.swift in Sources */ = {isa = PBXBuildFile; fileRef = FD678B6D24C06B1100B94216 /* SecondScreenViewController.swift */; };
		FD678B7224C07ED000B94216 /* ThirdScreenViewController.swift in Sources */ = {isa = PBXBuildFile; fileRef = FD678B7124C07ECF00B94216 /* ThirdScreenViewController.swift */; };
		FD678B7324C07ED100B94216 /* ThirdScreenViewController.swift in Sources */ = {isa = PBXBuildFile; fileRef = FD678B7124C07ECF00B94216 /* ThirdScreenViewController.swift */; };
		FD678B7424C07ED100B94216 /* ThirdScreenViewController.swift in Sources */ = {isa = PBXBuildFile; fileRef = FD678B7124C07ECF00B94216 /* ThirdScreenViewController.swift */; };
		FD678B7624C07F0500B94216 /* FourthScreenViewController.swift in Sources */ = {isa = PBXBuildFile; fileRef = FD678B7524C07F0500B94216 /* FourthScreenViewController.swift */; };
		FD678B7724C07F0500B94216 /* FourthScreenViewController.swift in Sources */ = {isa = PBXBuildFile; fileRef = FD678B7524C07F0500B94216 /* FourthScreenViewController.swift */; };
		FD678B7824C07F0500B94216 /* FourthScreenViewController.swift in Sources */ = {isa = PBXBuildFile; fileRef = FD678B7524C07F0500B94216 /* FourthScreenViewController.swift */; };
		FDBF2BC824B78D7C00B175F0 /* AppDelegate.swift in Sources */ = {isa = PBXBuildFile; fileRef = FDBF2BC724B78D7C00B175F0 /* AppDelegate.swift */; };
		FDBF2BCA24B78D7C00B175F0 /* HomeViewController.swift in Sources */ = {isa = PBXBuildFile; fileRef = FDBF2BC924B78D7C00B175F0 /* HomeViewController.swift */; };
		FDBF2BCD24B78D7E00B175F0 /* Main.storyboard in Resources */ = {isa = PBXBuildFile; fileRef = FDBF2BCB24B78D7E00B175F0 /* Main.storyboard */; };
		FDBF2BCF24B78D7E00B175F0 /* Assets.xcassets in Resources */ = {isa = PBXBuildFile; fileRef = FDBF2BCE24B78D7E00B175F0 /* Assets.xcassets */; };
		FDBF2BD224B78D7E00B175F0 /* LaunchScreen.storyboard in Resources */ = {isa = PBXBuildFile; fileRef = FDBF2BD024B78D7E00B175F0 /* LaunchScreen.storyboard */; };
		FDBF2BDD24B78D7E00B175F0 /* RamaPrintTests.swift in Sources */ = {isa = PBXBuildFile; fileRef = FDBF2BDC24B78D7E00B175F0 /* RamaPrintTests.swift */; };
		FDBF2BE824B78D7E00B175F0 /* RamaPrintUITests.swift in Sources */ = {isa = PBXBuildFile; fileRef = FDBF2BE724B78D7E00B175F0 /* RamaPrintUITests.swift */; };
/* End PBXBuildFile section */

/* Begin PBXContainerItemProxy section */
		FDBF2BD924B78D7E00B175F0 /* PBXContainerItemProxy */ = {
			isa = PBXContainerItemProxy;
			containerPortal = FDBF2BBC24B78D7C00B175F0 /* Project object */;
			proxyType = 1;
			remoteGlobalIDString = FDBF2BC324B78D7C00B175F0;
			remoteInfo = RamaPrint;
		};
		FDBF2BE424B78D7E00B175F0 /* PBXContainerItemProxy */ = {
			isa = PBXContainerItemProxy;
			containerPortal = FDBF2BBC24B78D7C00B175F0 /* Project object */;
			proxyType = 1;
			remoteGlobalIDString = FDBF2BC324B78D7C00B175F0;
			remoteInfo = RamaPrint;
		};
/* End PBXContainerItemProxy section */

/* Begin PBXFileReference section */
		FD678B6124C05D4C00B94216 /* 3D.png */ = {isa = PBXFileReference; lastKnownFileType = image.png; path = 3D.png; sourceTree = "<group>"; };
		FD678B6524C05D5500B94216 /* Design.png */ = {isa = PBXFileReference; lastKnownFileType = image.png; path = Design.png; sourceTree = "<group>"; };
		FD678B6924C05DE600B94216 /* Print.png */ = {isa = PBXFileReference; lastKnownFileType = image.png; path = Print.png; sourceTree = "<group>"; };
		FD678B6D24C06B1100B94216 /* SecondScreenViewController.swift */ = {isa = PBXFileReference; lastKnownFileType = sourcecode.swift; path = SecondScreenViewController.swift; sourceTree = "<group>"; };
		FD678B7124C07ECF00B94216 /* ThirdScreenViewController.swift */ = {isa = PBXFileReference; lastKnownFileType = sourcecode.swift; path = ThirdScreenViewController.swift; sourceTree = "<group>"; };
		FD678B7524C07F0500B94216 /* FourthScreenViewController.swift */ = {isa = PBXFileReference; lastKnownFileType = sourcecode.swift; path = FourthScreenViewController.swift; sourceTree = "<group>"; };
		FDBF2BC424B78D7C00B175F0 /* RamaPrint.app */ = {isa = PBXFileReference; explicitFileType = wrapper.application; includeInIndex = 0; path = RamaPrint.app; sourceTree = BUILT_PRODUCTS_DIR; };
		FDBF2BC724B78D7C00B175F0 /* AppDelegate.swift */ = {isa = PBXFileReference; lastKnownFileType = sourcecode.swift; path = AppDelegate.swift; sourceTree = "<group>"; };
		FDBF2BC924B78D7C00B175F0 /* HomeViewController.swift */ = {isa = PBXFileReference; lastKnownFileType = sourcecode.swift; path = HomeViewController.swift; sourceTree = "<group>"; };
		FDBF2BCC24B78D7E00B175F0 /* Base */ = {isa = PBXFileReference; lastKnownFileType = file.storyboard; name = Base; path = Base.lproj/Main.storyboard; sourceTree = "<group>"; };
		FDBF2BCE24B78D7E00B175F0 /* Assets.xcassets */ = {isa = PBXFileReference; lastKnownFileType = folder.assetcatalog; path = Assets.xcassets; sourceTree = "<group>"; };
		FDBF2BD124B78D7E00B175F0 /* Base */ = {isa = PBXFileReference; lastKnownFileType = file.storyboard; name = Base; path = Base.lproj/LaunchScreen.storyboard; sourceTree = "<group>"; };
		FDBF2BD324B78D7E00B175F0 /* Info.plist */ = {isa = PBXFileReference; lastKnownFileType = text.plist.xml; path = Info.plist; sourceTree = "<group>"; };
		FDBF2BD824B78D7E00B175F0 /* RamaPrintTests.xctest */ = {isa = PBXFileReference; explicitFileType = wrapper.cfbundle; includeInIndex = 0; path = RamaPrintTests.xctest; sourceTree = BUILT_PRODUCTS_DIR; };
		FDBF2BDC24B78D7E00B175F0 /* RamaPrintTests.swift */ = {isa = PBXFileReference; lastKnownFileType = sourcecode.swift; path = RamaPrintTests.swift; sourceTree = "<group>"; };
		FDBF2BDE24B78D7E00B175F0 /* Info.plist */ = {isa = PBXFileReference; lastKnownFileType = text.plist.xml; path = Info.plist; sourceTree = "<group>"; };
		FDBF2BE324B78D7E00B175F0 /* RamaPrintUITests.xctest */ = {isa = PBXFileReference; explicitFileType = wrapper.cfbundle; includeInIndex = 0; path = RamaPrintUITests.xctest; sourceTree = BUILT_PRODUCTS_DIR; };
		FDBF2BE724B78D7E00B175F0 /* RamaPrintUITests.swift */ = {isa = PBXFileReference; lastKnownFileType = sourcecode.swift; path = RamaPrintUITests.swift; sourceTree = "<group>"; };
		FDBF2BE924B78D7F00B175F0 /* Info.plist */ = {isa = PBXFileReference; lastKnownFileType = text.plist.xml; path = Info.plist; sourceTree = "<group>"; };
/* End PBXFileReference section */

/* Begin PBXFrameworksBuildPhase section */
		FDBF2BC124B78D7C00B175F0 /* Frameworks */ = {
			isa = PBXFrameworksBuildPhase;
			buildActionMask = 2147483647;
			files = (
			);
			runOnlyForDeploymentPostprocessing = 0;
		};
		FDBF2BD524B78D7E00B175F0 /* Frameworks */ = {
			isa = PBXFrameworksBuildPhase;
			buildActionMask = 2147483647;
			files = (
			);
			runOnlyForDeploymentPostprocessing = 0;
		};
		FDBF2BE024B78D7E00B175F0 /* Frameworks */ = {
			isa = PBXFrameworksBuildPhase;
			buildActionMask = 2147483647;
			files = (
			);
			runOnlyForDeploymentPostprocessing = 0;
		};
/* End PBXFrameworksBuildPhase section */

/* Begin PBXGroup section */
		FDBF2BBB24B78D7C00B175F0 = {
			isa = PBXGroup;
			children = (
				FDBF2BC624B78D7C00B175F0 /* RamaPrint */,
				FDBF2BDB24B78D7E00B175F0 /* RamaPrintTests */,
				FDBF2BE624B78D7E00B175F0 /* RamaPrintUITests */,
				FDBF2BC524B78D7C00B175F0 /* Products */,
			);
			sourceTree = "<group>";
		};
		FDBF2BC524B78D7C00B175F0 /* Products */ = {
			isa = PBXGroup;
			children = (
				FDBF2BC424B78D7C00B175F0 /* RamaPrint.app */,
				FDBF2BD824B78D7E00B175F0 /* RamaPrintTests.xctest */,
				FDBF2BE324B78D7E00B175F0 /* RamaPrintUITests.xctest */,
			);
			name = Products;
			sourceTree = "<group>";
		};
		FDBF2BC624B78D7C00B175F0 /* RamaPrint */ = {
			isa = PBXGroup;
			children = (
				FDBF2BC724B78D7C00B175F0 /* AppDelegate.swift */,
				FDBF2BC924B78D7C00B175F0 /* HomeViewController.swift */,
				FD678B6D24C06B1100B94216 /* SecondScreenViewController.swift */,
				FD678B7124C07ECF00B94216 /* ThirdScreenViewController.swift */,
				FD678B7524C07F0500B94216 /* FourthScreenViewController.swift */,
				FDBF2BCB24B78D7E00B175F0 /* Main.storyboard */,
				FD678B6924C05DE600B94216 /* Print.png */,
				FD678B6124C05D4C00B94216 /* 3D.png */,
				FD678B6524C05D5500B94216 /* Design.png */,
				FDBF2BCE24B78D7E00B175F0 /* Assets.xcassets */,
				FDBF2BD024B78D7E00B175F0 /* LaunchScreen.storyboard */,
				FDBF2BD324B78D7E00B175F0 /* Info.plist */,
			);
			path = RamaPrint;
			sourceTree = "<group>";
		};
		FDBF2BDB24B78D7E00B175F0 /* RamaPrintTests */ = {
			isa = PBXGroup;
			children = (
				FDBF2BDC24B78D7E00B175F0 /* RamaPrintTests.swift */,
				FDBF2BDE24B78D7E00B175F0 /* Info.plist */,
			);
			path = RamaPrintTests;
			sourceTree = "<group>";
		};
		FDBF2BE624B78D7E00B175F0 /* RamaPrintUITests */ = {
			isa = PBXGroup;
			children = (
				FDBF2BE724B78D7E00B175F0 /* RamaPrintUITests.swift */,
				FDBF2BE924B78D7F00B175F0 /* Info.plist */,
			);
			path = RamaPrintUITests;
			sourceTree = "<group>";
		};
/* End PBXGroup section */

/* Begin PBXNativeTarget section */
		FDBF2BC324B78D7C00B175F0 /* RamaPrint */ = {
			isa = PBXNativeTarget;
			buildConfigurationList = FDBF2BEC24B78D7F00B175F0 /* Build configuration list for PBXNativeTarget "RamaPrint" */;
			buildPhases = (
				FDBF2BC024B78D7C00B175F0 /* Sources */,
				FDBF2BC124B78D7C00B175F0 /* Frameworks */,
				FDBF2BC224B78D7C00B175F0 /* Resources */,
			);
			buildRules = (
			);
			dependencies = (
			);
			name = RamaPrint;
			productName = RamaPrint;
			productReference = FDBF2BC424B78D7C00B175F0 /* RamaPrint.app */;
			productType = "com.apple.product-type.application";
		};
		FDBF2BD724B78D7E00B175F0 /* RamaPrintTests */ = {
			isa = PBXNativeTarget;
			buildConfigurationList = FDBF2BEF24B78D7F00B175F0 /* Build configuration list for PBXNativeTarget "RamaPrintTests" */;
			buildPhases = (
				FDBF2BD424B78D7E00B175F0 /* Sources */,
				FDBF2BD524B78D7E00B175F0 /* Frameworks */,
				FDBF2BD624B78D7E00B175F0 /* Resources */,
			);
			buildRules = (
			);
			dependencies = (
				FDBF2BDA24B78D7E00B175F0 /* PBXTargetDependency */,
			);
			name = RamaPrintTests;
			productName = RamaPrintTests;
			productReference = FDBF2BD824B78D7E00B175F0 /* RamaPrintTests.xctest */;
			productType = "com.apple.product-type.bundle.unit-test";
		};
		FDBF2BE224B78D7E00B175F0 /* RamaPrintUITests */ = {
			isa = PBXNativeTarget;
			buildConfigurationList = FDBF2BF224B78D7F00B175F0 /* Build configuration list for PBXNativeTarget "RamaPrintUITests" */;
			buildPhases = (
				FDBF2BDF24B78D7E00B175F0 /* Sources */,
				FDBF2BE024B78D7E00B175F0 /* Frameworks */,
				FDBF2BE124B78D7E00B175F0 /* Resources */,
			);
			buildRules = (
			);
			dependencies = (
				FDBF2BE524B78D7E00B175F0 /* PBXTargetDependency */,
			);
			name = RamaPrintUITests;
			productName = RamaPrintUITests;
			productReference = FDBF2BE324B78D7E00B175F0 /* RamaPrintUITests.xctest */;
			productType = "com.apple.product-type.bundle.ui-testing";
		};
/* End PBXNativeTarget section */

/* Begin PBXProject section */
		FDBF2BBC24B78D7C00B175F0 /* Project object */ = {
			isa = PBXProject;
			attributes = {
				LastSwiftUpdateCheck = 0920;
				LastUpgradeCheck = 0920;
				ORGANIZATIONNAME = "Safet MULLAABAZI";
				TargetAttributes = {
					FDBF2BC324B78D7C00B175F0 = {
						CreatedOnToolsVersion = 9.2;
						ProvisioningStyle = Automatic;
					};
					FDBF2BD724B78D7E00B175F0 = {
						CreatedOnToolsVersion = 9.2;
						ProvisioningStyle = Automatic;
						TestTargetID = FDBF2BC324B78D7C00B175F0;
					};
					FDBF2BE224B78D7E00B175F0 = {
						CreatedOnToolsVersion = 9.2;
						ProvisioningStyle = Automatic;
						TestTargetID = FDBF2BC324B78D7C00B175F0;
					};
				};
			};
			buildConfigurationList = FDBF2BBF24B78D7C00B175F0 /* Build configuration list for PBXProject "RamaPrint" */;
			compatibilityVersion = "Xcode 8.0";
			developmentRegion = en;
			hasScannedForEncodings = 0;
			knownRegions = (
				en,
				Base,
			);
			mainGroup = FDBF2BBB24B78D7C00B175F0;
			productRefGroup = FDBF2BC524B78D7C00B175F0 /* Products */;
			projectDirPath = "";
			projectRoot = "";
			targets = (
				FDBF2BC324B78D7C00B175F0 /* RamaPrint */,
				FDBF2BD724B78D7E00B175F0 /* RamaPrintTests */,
				FDBF2BE224B78D7E00B175F0 /* RamaPrintUITests */,
			);
		};
/* End PBXProject section */

/* Begin PBXResourcesBuildPhase section */
		FDBF2BC224B78D7C00B175F0 /* Resources */ = {
			isa = PBXResourcesBuildPhase;
			buildActionMask = 2147483647;
			files = (
				FD678B6224C05D4D00B94216 /* 3D.png in Resources */,
				FD678B6624C05D5500B94216 /* Design.png in Resources */,
				FDBF2BD224B78D7E00B175F0 /* LaunchScreen.storyboard in Resources */,
				FD678B6A24C05DE600B94216 /* Print.png in Resources */,
				FDBF2BCF24B78D7E00B175F0 /* Assets.xcassets in Resources */,
				FDBF2BCD24B78D7E00B175F0 /* Main.storyboard in Resources */,
			);
			runOnlyForDeploymentPostprocessing = 0;
		};
		FDBF2BD624B78D7E00B175F0 /* Resources */ = {
			isa = PBXResourcesBuildPhase;
			buildActionMask = 2147483647;
			files = (
				FD678B6B24C05DE700B94216 /* Print.png in Resources */,
				FD678B6324C05D4D00B94216 /* 3D.png in Resources */,
				FD678B6724C05D5500B94216 /* Design.png in Resources */,
			);
			runOnlyForDeploymentPostprocessing = 0;
		};
		FDBF2BE124B78D7E00B175F0 /* Resources */ = {
			isa = PBXResourcesBuildPhase;
			buildActionMask = 2147483647;
			files = (
				FD678B6C24C05DE700B94216 /* Print.png in Resources */,
				FD678B6424C05D4D00B94216 /* 3D.png in Resources */,
				FD678B6824C05D5500B94216 /* Design.png in Resources */,
			);
			runOnlyForDeploymentPostprocessing = 0;
		};
/* End PBXResourcesBuildPhase section */

/* Begin PBXSourcesBuildPhase section */
		FDBF2BC024B78D7C00B175F0 /* Sources */ = {
			isa = PBXSourcesBuildPhase;
			buildActionMask = 2147483647;
			files = (
				FD678B7224C07ED000B94216 /* ThirdScreenViewController.swift in Sources */,
				FD678B6E24C06B1100B94216 /* SecondScreenViewController.swift in Sources */,
				FDBF2BCA24B78D7C00B175F0 /* HomeViewController.swift in Sources */,
				FDBF2BC824B78D7C00B175F0 /* AppDelegate.swift in Sources */,
				FD678B7624C07F0500B94216 /* FourthScreenViewController.swift in Sources */,
			);
			runOnlyForDeploymentPostprocessing = 0;
		};
		FDBF2BD424B78D7E00B175F0 /* Sources */ = {
			isa = PBXSourcesBuildPhase;
			buildActionMask = 2147483647;
			files = (
				FD678B7724C07F0500B94216 /* FourthScreenViewController.swift in Sources */,
				FD678B6F24C06B1100B94216 /* SecondScreenViewController.swift in Sources */,
				FD678B7324C07ED100B94216 /* ThirdScreenViewController.swift in Sources */,
				FDBF2BDD24B78D7E00B175F0 /* RamaPrintTests.swift in Sources */,
			);
			runOnlyForDeploymentPostprocessing = 0;
		};
		FDBF2BDF24B78D7E00B175F0 /* Sources */ = {
			isa = PBXSourcesBuildPhase;
			buildActionMask = 2147483647;
			files = (
				FD678B7824C07F0500B94216 /* FourthScreenViewController.swift in Sources */,
				FD678B7024C06B1100B94216 /* SecondScreenViewController.swift in Sources */,
				FD678B7424C07ED100B94216 /* ThirdScreenViewController.swift in Sources */,
				FDBF2BE824B78D7E00B175F0 /* RamaPrintUITests.swift in Sources */,
			);
			runOnlyForDeploymentPostprocessing = 0;
		};
/* End PBXSourcesBuildPhase section */

/* Begin PBXTargetDependency section */
		FDBF2BDA24B78D7E00B175F0 /* PBXTargetDependency */ = {
			isa = PBXTargetDependency;
			target = FDBF2BC324B78D7C00B175F0 /* RamaPrint */;
			targetProxy = FDBF2BD924B78D7E00B175F0 /* PBXContainerItemProxy */;
		};
		FDBF2BE524B78D7E00B175F0 /* PBXTargetDependency */ = {
			isa = PBXTargetDependency;
			target = FDBF2BC324B78D7C00B175F0 /* RamaPrint */;
			targetProxy = FDBF2BE424B78D7E00B175F0 /* PBXContainerItemProxy */;
		};
/* End PBXTargetDependency section */

/* Begin PBXVariantGroup section */
		FDBF2BCB24B78D7E00B175F0 /* Main.storyboard */ = {
			isa = PBXVariantGroup;
			children = (
				FDBF2BCC24B78D7E00B175F0 /* Base */,
			);
			name = Main.storyboard;
			sourceTree = "<group>";
		};
		FDBF2BD024B78D7E00B175F0 /* LaunchScreen.storyboard */ = {
			isa = PBXVariantGroup;
			children = (
				FDBF2BD124B78D7E00B175F0 /* Base */,
			);
			name = LaunchScreen.storyboard;
			sourceTree = "<group>";
		};
/* End PBXVariantGroup section */

/* Begin XCBuildConfiguration section */
		FDBF2BEA24B78D7F00B175F0 /* Debug */ = {
			isa = XCBuildConfiguration;
			buildSettings = {
				ALWAYS_SEARCH_USER_PATHS = NO;
				CLANG_ANALYZER_NONNULL = YES;
				CLANG_ANALYZER_NUMBER_OBJECT_CONVERSION = YES_AGGRESSIVE;
				CLANG_CXX_LANGUAGE_STANDARD = "gnu++14";
				CLANG_CXX_LIBRARY = "libc++";
				CLANG_ENABLE_MODULES = YES;
				CLANG_ENABLE_OBJC_ARC = YES;
				CLANG_WARN_BLOCK_CAPTURE_AUTORELEASING = YES;
				CLANG_WARN_BOOL_CONVERSION = YES;
				CLANG_WARN_COMMA = YES;
				CLANG_WARN_CONSTANT_CONVERSION = YES;
				CLANG_WARN_DIRECT_OBJC_ISA_USAGE = YES_ERROR;
				CLANG_WARN_DOCUMENTATION_COMMENTS = YES;
				CLANG_WARN_EMPTY_BODY = YES;
				CLANG_WARN_ENUM_CONVERSION = YES;
				CLANG_WARN_INFINITE_RECURSION = YES;
				CLANG_WARN_INT_CONVERSION = YES;
				CLANG_WARN_NON_LITERAL_NULL_CONVERSION = YES;
				CLANG_WARN_OBJC_LITERAL_CONVERSION = YES;
				CLANG_WARN_OBJC_ROOT_CLASS = YES_ERROR;
				CLANG_WARN_RANGE_LOOP_ANALYSIS = YES;
				CLANG_WARN_STRICT_PROTOTYPES = YES;
				CLANG_WARN_SUSPICIOUS_MOVE = YES;
				CLANG_WARN_UNGUARDED_AVAILABILITY = YES_AGGRESSIVE;
				CLANG_WARN_UNREACHABLE_CODE = YES;
				CLANG_WARN__DUPLICATE_METHOD_MATCH = YES;
				CODE_SIGN_IDENTITY = "iPhone Developer";
				COPY_PHASE_STRIP = NO;
				DEBUG_INFORMATION_FORMAT = dwarf;
				ENABLE_STRICT_OBJC_MSGSEND = YES;
				ENABLE_TESTABILITY = YES;
				GCC_C_LANGUAGE_STANDARD = gnu11;
				GCC_DYNAMIC_NO_PIC = NO;
				GCC_NO_COMMON_BLOCKS = YES;
				GCC_OPTIMIZATION_LEVEL = 0;
				GCC_PREPROCESSOR_DEFINITIONS = (
					"DEBUG=1",
					"$(inherited)",
				);
				GCC_WARN_64_TO_32_BIT_CONVERSION = YES;
				GCC_WARN_ABOUT_RETURN_TYPE = YES_ERROR;
				GCC_WARN_UNDECLARED_SELECTOR = YES;
				GCC_WARN_UNINITIALIZED_AUTOS = YES_AGGRESSIVE;
				GCC_WARN_UNUSED_FUNCTION = YES;
				GCC_WARN_UNUSED_VARIABLE = YES;
				IPHONEOS_DEPLOYMENT_TARGET = 11.2;
				MTL_ENABLE_DEBUG_INFO = YES;
				ONLY_ACTIVE_ARCH = YES;
				SDKROOT = iphoneos;
				SWIFT_ACTIVE_COMPILATION_CONDITIONS = DEBUG;
				SWIFT_OPTIMIZATION_LEVEL = "-Onone";
			};
			name = Debug;
		};
		FDBF2BEB24B78D7F00B175F0 /* Release */ = {
			isa = XCBuildConfiguration;
			buildSettings = {
				ALWAYS_SEARCH_USER_PATHS = NO;
				CLANG_ANALYZER_NONNULL = YES;
				CLANG_ANALYZER_NUMBER_OBJECT_CONVERSION = YES_AGGRESSIVE;
				CLANG_CXX_LANGUAGE_STANDARD = "gnu++14";
				CLANG_CXX_LIBRARY = "libc++";
				CLANG_ENABLE_MODULES = YES;
				CLANG_ENABLE_OBJC_ARC = YES;
				CLANG_WARN_BLOCK_CAPTURE_AUTORELEASING = YES;
				CLANG_WARN_BOOL_CONVERSION = YES;
				CLANG_WARN_COMMA = YES;
				CLANG_WARN_CONSTANT_CONVERSION = YES;
				CLANG_WARN_DIRECT_OBJC_ISA_USAGE = YES_ERROR;
				CLANG_WARN_DOCUMENTATION_COMMENTS = YES;
				CLANG_WARN_EMPTY_BODY = YES;
				CLANG_WARN_ENUM_CONVERSION = YES;
				CLANG_WARN_INFINITE_RECURSION = YES;
				CLANG_WARN_INT_CONVERSION = YES;
				CLANG_WARN_NON_LITERAL_NULL_CONVERSION = YES;
				CLANG_WARN_OBJC_LITERAL_CONVERSION = YES;
				CLANG_WARN_OBJC_ROOT_CLASS = YES_ERROR;
				CLANG_WARN_RANGE_LOOP_ANALYSIS = YES;
				CLANG_WARN_STRICT_PROTOTYPES = YES;
				CLANG_WARN_SUSPICIOUS_MOVE = YES;
				CLANG_WARN_UNGUARDED_AVAILABILITY = YES_AGGRESSIVE;
				CLANG_WARN_UNREACHABLE_CODE = YES;
				CLANG_WARN__DUPLICATE_METHOD_MATCH = YES;
				CODE_SIGN_IDENTITY = "iPhone Developer";
				COPY_PHASE_STRIP = NO;
				DEBUG_INFORMATION_FORMAT = "dwarf-with-dsym";
				ENABLE_NS_ASSERTIONS = NO;
				ENABLE_STRICT_OBJC_MSGSEND = YES;
				GCC_C_LANGUAGE_STANDARD = gnu11;
				GCC_NO_COMMON_BLOCKS = YES;
				GCC_WARN_64_TO_32_BIT_CONVERSION = YES;
				GCC_WARN_ABOUT_RETURN_TYPE = YES_ERROR;
				GCC_WARN_UNDECLARED_SELECTOR = YES;
				GCC_WARN_UNINITIALIZED_AUTOS = YES_AGGRESSIVE;
				GCC_WARN_UNUSED_FUNCTION = YES;
				GCC_WARN_UNUSED_VARIABLE = YES;
				IPHONEOS_DEPLOYMENT_TARGET = 11.2;
				MTL_ENABLE_DEBUG_INFO = NO;
				SDKROOT = iphoneos;
				SWIFT_OPTIMIZATION_LEVEL = "-Owholemodule";
				VALIDATE_PRODUCT = YES;
			};
			name = Release;
		};
		FDBF2BED24B78D7F00B175F0 /* Debug */ = {
			isa = XCBuildConfiguration;
			buildSettings = {
				ASSETCATALOG_COMPILER_APPICON_NAME = AppIcon;
				CODE_SIGN_STYLE = Automatic;
				INFOPLIST_FILE = RamaPrint/Info.plist;
				LD_RUNPATH_SEARCH_PATHS = "$(inherited) @executable_path/Frameworks";
				PRODUCT_BUNDLE_IDENTIFIER = fiek.RamaPrint;
				PRODUCT_NAME = "$(TARGET_NAME)";
				SWIFT_VERSION = 4.0;
				TARGETED_DEVICE_FAMILY = "1,2";
			};
			name = Debug;
		};
		FDBF2BEE24B78D7F00B175F0 /* Release */ = {
			isa = XCBuildConfiguration;
			buildSettings = {
				ASSETCATALOG_COMPILER_APPICON_NAME = AppIcon;
				CODE_SIGN_STYLE = Automatic;
				INFOPLIST_FILE = RamaPrint/Info.plist;
				LD_RUNPATH_SEARCH_PATHS = "$(inherited) @executable_path/Frameworks";
				PRODUCT_BUNDLE_IDENTIFIER = fiek.RamaPrint;
				PRODUCT_NAME = "$(TARGET_NAME)";
				SWIFT_VERSION = 4.0;
				TARGETED_DEVICE_FAMILY = "1,2";
			};
			name = Release;
		};
		FDBF2BF024B78D7F00B175F0 /* Debug */ = {
			isa = XCBuildConfiguration;
			buildSettings = {
				ALWAYS_EMBED_SWIFT_STANDARD_LIBRARIES = YES;
				BUNDLE_LOADER = "$(TEST_HOST)";
				CODE_SIGN_STYLE = Automatic;
				INFOPLIST_FILE = RamaPrintTests/Info.plist;
				LD_RUNPATH_SEARCH_PATHS = "$(inherited) @executable_path/Frameworks @loader_path/Frameworks";
				PRODUCT_BUNDLE_IDENTIFIER = fiek.RamaPrintTests;
				PRODUCT_NAME = "$(TARGET_NAME)";
				SWIFT_VERSION = 4.0;
				TARGETED_DEVICE_FAMILY = "1,2";
				TEST_HOST = "$(BUILT_PRODUCTS_DIR)/RamaPrint.app/RamaPrint";
			};
			name = Debug;
		};
		FDBF2BF124B78D7F00B175F0 /* Release */ = {
			isa = XCBuildConfiguration;
			buildSettings = {
				ALWAYS_EMBED_SWIFT_STANDARD_LIBRARIES = YES;
				BUNDLE_LOADER = "$(TEST_HOST)";
				CODE_SIGN_STYLE = Automatic;
				INFOPLIST_FILE = RamaPrintTests/Info.plist;
				LD_RUNPATH_SEARCH_PATHS = "$(inherited) @executable_path/Frameworks @loader_path/Frameworks";
				PRODUCT_BUNDLE_IDENTIFIER = fiek.RamaPrintTests;
				PRODUCT_NAME = "$(TARGET_NAME)";
				SWIFT_VERSION = 4.0;
				TARGETED_DEVICE_FAMILY = "1,2";
				TEST_HOST = "$(BUILT_PRODUCTS_DIR)/RamaPrint.app/RamaPrint";
			};
			name = Release;
		};
		FDBF2BF324B78D7F00B175F0 /* Debug */ = {
			isa = XCBuildConfiguration;
			buildSettings = {
				ALWAYS_EMBED_SWIFT_STANDARD_LIBRARIES = YES;
				CODE_SIGN_STYLE = Automatic;
				INFOPLIST_FILE = RamaPrintUITests/Info.plist;
				LD_RUNPATH_SEARCH_PATHS = "$(inherited) @executable_path/Frameworks @loader_path/Frameworks";
				PRODUCT_BUNDLE_IDENTIFIER = fiek.RamaPrintUITests;
				PRODUCT_NAME = "$(TARGET_NAME)";
				SWIFT_VERSION = 4.0;
				TARGETED_DEVICE_FAMILY = "1,2";
				TEST_TARGET_NAME = RamaPrint;
			};
			name = Debug;
		};
		FDBF2BF424B78D7F00B175F0 /* Release */ = {
			isa = XCBuildConfiguration;
			buildSettings = {
				ALWAYS_EMBED_SWIFT_STANDARD_LIBRARIES = YES;
				CODE_SIGN_STYLE = Automatic;
				INFOPLIST_FILE = RamaPrintUITests/Info.plist;
				LD_RUNPATH_SEARCH_PATHS = "$(inherited) @executable_path/Frameworks @loader_path/Frameworks";
				PRODUCT_BUNDLE_IDENTIFIER = fiek.RamaPrintUITests;
				PRODUCT_NAME = "$(TARGET_NAME)";
				SWIFT_VERSION = 4.0;
				TARGETED_DEVICE_FAMILY = "1,2";
				TEST_TARGET_NAME = RamaPrint;
			};
			name = Release;
		};
/* End XCBuildConfiguration section */

/* Begin XCConfigurationList section */
		FDBF2BBF24B78D7C00B175F0 /* Build configuration list for PBXProject "RamaPrint" */ = {
			isa = XCConfigurationList;
			buildConfigurations = (
				FDBF2BEA24B78D7F00B175F0 /* Debug */,
				FDBF2BEB24B78D7F00B175F0 /* Release */,
			);
			defaultConfigurationIsVisible = 0;
			defaultConfigurationName = Release;
		};
		FDBF2BEC24B78D7F00B175F0 /* Build configuration list for PBXNativeTarget "RamaPrint" */ = {
			isa = XCConfigurationList;
			buildConfigurations = (
				FDBF2BED24B78D7F00B175F0 /* Debug */,
				FDBF2BEE24B78D7F00B175F0 /* Release */,
			);
			defaultConfigurationIsVisible = 0;
			defaultConfigurationName = Release;
		};
		FDBF2BEF24B78D7F00B175F0 /* Build configuration list for PBXNativeTarget "RamaPrintTests" */ = {
			isa = XCConfigurationList;
			buildConfigurations = (
				FDBF2BF024B78D7F00B175F0 /* Debug */,
				FDBF2BF124B78D7F00B175F0 /* Release */,
			);
			defaultConfigurationIsVisible = 0;
			defaultConfigurationName = Release;
		};
		FDBF2BF224B78D7F00B175F0 /* Build configuration list for PBXNativeTarget "RamaPrintUITests" */ = {
			isa = XCConfigurationList;
			buildConfigurations = (
				FDBF2BF324B78D7F00B175F0 /* Debug */,
				FDBF2BF424B78D7F00B175F0 /* Release */,
			);
			defaultConfigurationIsVisible = 0;
			defaultConfigurationName = Release;
		};
/* End XCConfigurationList section */
	};
	rootObject = FDBF2BBC24B78D7C00B175F0 /* Project object */;
}
